
Microsoft Visual Studio Solution File, Format Version 12.00
# Visual Studio Version 16
VisualStudioVersion = 16.0.30523.141
MinimumVisualStudioVersion = 10.0.40219.1
Project("{9A19103F-16F7-4668-BE54-9A1E7A4F7556}") = "ReverseStrings", "Advance_2021_Stack_AND_Queues\ReverseStrings.csproj", "{13A4FC57-787F-41DD-A96B-856A3BD84465}"
EndProject
Project("{9A19103F-16F7-4668-BE54-9A1E7A4F7556}") = "StackSum", "StackSum\StackSum.csproj", "{EFA7178C-6CD1-4149-B7DD-5295C46F5331}"
EndProject
Project("{9A19103F-16F7-4668-BE54-9A1E7A4F7556}") = "SimpleCalculator", "SimpleCalculator\SimpleCalculator.csproj", "{606E21B3-2B3C-418E-B3CB-346D95F3759A}"
EndProject
Project("{9A19103F-16F7-4668-BE54-9A1E7A4F7556}") = "MatchingBrackets", "MatchingBrackets\MatchingBrackets.csproj", "{9ADE1148-86CB-4E7D-BD1A-53AEC82C321D}"
EndProject
Project("{9A19103F-16F7-4668-BE54-9A1E7A4F7556}") = "PrintEvenNumbers", "PrintEvenNumbers\PrintEvenNumbers.csproj", "{082AB983-C090-4D1B-8BCC-61CC0E05B56E}"
EndProject
Project("{9A19103F-16F7-4668-BE54-9A1E7A4F7556}") = "HotPotato", "HotPotato\HotPotato.csproj", "{D8019DF5-9200-460F-8D2B-AF9A3ED8377D}"
EndProject
Project("{9A19103F-16F7-4668-BE54-9A1E7A4F7556}") = "TrafficJam", "TrafficJam\TrafficJam.csproj", "{8ACDC7B8-27CA-44B2-84AF-BEBD7FC45ABA}"
EndProject
Project("{9A19103F-16F7-4668-BE54-9A1E7A4F7556}") = "BasicStackOperations", "BasicStackOperations\BasicStackOperations.csproj", "{CAED13A1-F17A-4AE7-9E36-01210BD5BB91}"
EndProject
Project("{9A19103F-16F7-4668-BE54-9A1E7A4F7556}") = "BasicQueueOperations", "BasicQueueOperations\BasicQueueOperations.csproj", "{5E6C82E7-BF95-4041-882A-1AA9A18C8108}"
EndProject
Project("{9A19103F-16F7-4668-BE54-9A1E7A4F7556}") = "MaximumAndMinimumElement", "MaximumAndMinimumElement\MaximumAndMinimumElement.csproj", "{BEEAF1A8-78C1-4649-A0A5-DBF8B72DFFBA}"
EndProject
Project("{9A19103F-16F7-4668-BE54-9A1E7A4F7556}") = "FastFood", "FastFood\FastFood.csproj", "{8DABD5B2-9EFF-4635-A18B-DF5B660AA59A}"
EndProject
Project("{9A19103F-16F7-4668-BE54-9A1E7A4F7556}") = "FashionBoutique", "FashionBoutique\FashionBoutique.csproj", "{18F03872-315B-4641-9726-8D4B3F608A2F}"
EndProject
Project("{9A19103F-16F7-4668-BE54-9A1E7A4F7556}") = "SongsQueue", "SongsQueue\SongsQueue.csproj", "{DD9762D9-BE63-4E0F-970E-9B2415776F8B}"
EndProject
Project("{9A19103F-16F7-4668-BE54-9A1E7A4F7556}") = "TruckTour", "TruckTour\TruckTour.csproj", "{732C6282-BAD5-43BF-9332-AC26A16E281B}"
EndProject
Project("{9A19103F-16F7-4668-BE54-9A1E7A4F7556}") = "Balanced_Parentheses", "Balanced_Parentheses\Balanced_Parentheses.csproj", "{8C9DFEC1-06C9-4BEA-9A91-B59A6B6EADD3}"
EndProject
Project("{9A19103F-16F7-4668-BE54-9A1E7A4F7556}") = "SimpleTextEditor", "SimpleTextEditor\SimpleTextEditor.csproj", "{C4085921-CE8F-407D-8E53-FEB3E96549D6}"
EndProject
Project("{9A19103F-16F7-4668-BE54-9A1E7A4F7556}") = "FlowerWreaths", "FlowerWreaths\FlowerWreaths.csproj", "{59229529-29D8-4E5A-B590-1266D673EA07}"
EndProject
Project("{9A19103F-16F7-4668-BE54-9A1E7A4F7556}") = "Bombs", "Bombs\Bombs.csproj", "{E42B409E-D37D-4D15-B13B-03249B16DB14}"
EndProject
Project("{9A19103F-16F7-4668-BE54-9A1E7A4F7556}") = "TheFightForGondor", "TheFightForGondor\TheFightForGondor.csproj", "{1C0531F2-4D6E-4252-9668-E7068264DBA3}"
EndProject
Project("{FAE04EC0-301F-11D3-BF4B-00C04F79EFBC}") = "WarmWinter", "WarmWinter\WarmWinter.csproj", "{D728FCA2-4F69-4C97-9AB5-1B7A5DE9D78D}"
EndProject
Project("{FAE04EC0-301F-11D3-BF4B-00C04F79EFBC}") = "LootBox", "LootBox\LootBox.csproj", "{C7443C71-0A35-4C44-9166-4B12FB530526}"
EndProject
Project("{FAE04EC0-301F-11D3-BF4B-00C04F79EFBC}") = "TheFightForGondor2", "TheFightForGondor2\TheFightForGondor2.csproj", "{67F699DC-23FD-4EC0-B604-37E8D4FBD4CD}"
EndProject
Project("{FAE04EC0-301F-11D3-BF4B-00C04F79EFBC}") = "Scheduling", "Scheduling\Scheduling.csproj", "{B671EB3B-460A-4BE8-9857-83BC11E4EACF}"
EndProject
Global
	GlobalSection(SolutionConfigurationPlatforms) = preSolution
		Debug|Any CPU = Debug|Any CPU
		Release|Any CPU = Release|Any CPU
	EndGlobalSection
	GlobalSection(ProjectConfigurationPlatforms) = postSolution
		{13A4FC57-787F-41DD-A96B-856A3BD84465}.Debug|Any CPU.ActiveCfg = Debug|Any CPU
		{13A4FC57-787F-41DD-A96B-856A3BD84465}.Debug|Any CPU.Build.0 = Debug|Any CPU
		{13A4FC57-787F-41DD-A96B-856A3BD84465}.Release|Any CPU.ActiveCfg = Release|Any CPU
		{13A4FC57-787F-41DD-A96B-856A3BD84465}.Release|Any CPU.Build.0 = Release|Any CPU
		{EFA7178C-6CD1-4149-B7DD-5295C46F5331}.Debug|Any CPU.ActiveCfg = Debug|Any CPU
		{EFA7178C-6CD1-4149-B7DD-5295C46F5331}.Debug|Any CPU.Build.0 = Debug|Any CPU
		{EFA7178C-6CD1-4149-B7DD-5295C46F5331}.Release|Any CPU.ActiveCfg = Release|Any CPU
		{EFA7178C-6CD1-4149-B7DD-5295C46F5331}.Release|Any CPU.Build.0 = Release|Any CPU
		{606E21B3-2B3C-418E-B3CB-346D95F3759A}.Debug|Any CPU.ActiveCfg = Debug|Any CPU
		{606E21B3-2B3C-418E-B3CB-346D95F3759A}.Debug|Any CPU.Build.0 = Debug|Any CPU
		{606E21B3-2B3C-418E-B3CB-346D95F3759A}.Release|Any CPU.ActiveCfg = Release|Any CPU
		{606E21B3-2B3C-418E-B3CB-346D95F3759A}.Release|Any CPU.Build.0 = Release|Any CPU
		{9ADE1148-86CB-4E7D-BD1A-53AEC82C321D}.Debug|Any CPU.ActiveCfg = Debug|Any CPU
		{9ADE1148-86CB-4E7D-BD1A-53AEC82C321D}.Debug|Any CPU.Build.0 = Debug|Any CPU
		{9ADE1148-86CB-4E7D-BD1A-53AEC82C321D}.Release|Any CPU.ActiveCfg = Release|Any CPU
		{9ADE1148-86CB-4E7D-BD1A-53AEC82C321D}.Release|Any CPU.Build.0 = Release|Any CPU
		{082AB983-C090-4D1B-8BCC-61CC0E05B56E}.Debug|Any CPU.ActiveCfg = Debug|Any CPU
		{082AB983-C090-4D1B-8BCC-61CC0E05B56E}.Debug|Any CPU.Build.0 = Debug|Any CPU
		{082AB983-C090-4D1B-8BCC-61CC0E05B56E}.Release|Any CPU.ActiveCfg = Release|Any CPU
		{082AB983-C090-4D1B-8BCC-61CC0E05B56E}.Release|Any CPU.Build.0 = Release|Any CPU
		{D8019DF5-9200-460F-8D2B-AF9A3ED8377D}.Debug|Any CPU.ActiveCfg = Debug|Any CPU
		{D8019DF5-9200-460F-8D2B-AF9A3ED8377D}.Debug|Any CPU.Build.0 = Debug|Any CPU
		{D8019DF5-9200-460F-8D2B-AF9A3ED8377D}.Release|Any CPU.ActiveCfg = Release|Any CPU
		{D8019DF5-9200-460F-8D2B-AF9A3ED8377D}.Release|Any CPU.Build.0 = Release|Any CPU
		{8ACDC7B8-27CA-44B2-84AF-BEBD7FC45ABA}.Debug|Any CPU.ActiveCfg = Debug|Any CPU
		{8ACDC7B8-27CA-44B2-84AF-BEBD7FC45ABA}.Debug|Any CPU.Build.0 = Debug|Any CPU
		{8ACDC7B8-27CA-44B2-84AF-BEBD7FC45ABA}.Release|Any CPU.ActiveCfg = Release|Any CPU
		{8ACDC7B8-27CA-44B2-84AF-BEBD7FC45ABA}.Release|Any CPU.Build.0 = Release|Any CPU
		{CAED13A1-F17A-4AE7-9E36-01210BD5BB91}.Debug|Any CPU.ActiveCfg = Debug|Any CPU
		{CAED13A1-F17A-4AE7-9E36-01210BD5BB91}.Debug|Any CPU.Build.0 = Debug|Any CPU
		{CAED13A1-F17A-4AE7-9E36-01210BD5BB91}.Release|Any CPU.ActiveCfg = Release|Any CPU
		{CAED13A1-F17A-4AE7-9E36-01210BD5BB91}.Release|Any CPU.Build.0 = Release|Any CPU
		{5E6C82E7-BF95-4041-882A-1AA9A18C8108}.Debug|Any CPU.ActiveCfg = Debug|Any CPU
		{5E6C82E7-BF95-4041-882A-1AA9A18C8108}.Debug|Any CPU.Build.0 = Debug|Any CPU
		{5E6C82E7-BF95-4041-882A-1AA9A18C8108}.Release|Any CPU.ActiveCfg = Release|Any CPU
		{5E6C82E7-BF95-4041-882A-1AA9A18C8108}.Release|Any CPU.Build.0 = Release|Any CPU
		{BEEAF1A8-78C1-4649-A0A5-DBF8B72DFFBA}.Debug|Any CPU.ActiveCfg = Debug|Any CPU
		{BEEAF1A8-78C1-4649-A0A5-DBF8B72DFFBA}.Debug|Any CPU.Build.0 = Debug|Any CPU
		{BEEAF1A8-78C1-4649-A0A5-DBF8B72DFFBA}.Release|Any CPU.ActiveCfg = Release|Any CPU
		{BEEAF1A8-78C1-4649-A0A5-DBF8B72DFFBA}.Release|Any CPU.Build.0 = Release|Any CPU
		{8DABD5B2-9EFF-4635-A18B-DF5B660AA59A}.Debug|Any CPU.ActiveCfg = Debug|Any CPU
		{8DABD5B2-9EFF-4635-A18B-DF5B660AA59A}.Debug|Any CPU.Build.0 = Debug|Any CPU
		{8DABD5B2-9EFF-4635-A18B-DF5B660AA59A}.Release|Any CPU.ActiveCfg = Release|Any CPU
		{8DABD5B2-9EFF-4635-A18B-DF5B660AA59A}.Release|Any CPU.Build.0 = Release|Any CPU
		{18F03872-315B-4641-9726-8D4B3F608A2F}.Debug|Any CPU.ActiveCfg = Debug|Any CPU
		{18F03872-315B-4641-9726-8D4B3F608A2F}.Debug|Any CPU.Build.0 = Debug|Any CPU
		{18F03872-315B-4641-9726-8D4B3F608A2F}.Release|Any CPU.ActiveCfg = Release|Any CPU
		{18F03872-315B-4641-9726-8D4B3F608A2F}.Release|Any CPU.Build.0 = Release|Any CPU
		{DD9762D9-BE63-4E0F-970E-9B2415776F8B}.Debug|Any CPU.ActiveCfg = Debug|Any CPU
		{DD9762D9-BE63-4E0F-970E-9B2415776F8B}.Debug|Any CPU.Build.0 = Debug|Any CPU
		{DD9762D9-BE63-4E0F-970E-9B2415776F8B}.Release|Any CPU.ActiveCfg = Release|Any CPU
		{DD9762D9-BE63-4E0F-970E-9B2415776F8B}.Release|Any CPU.Build.0 = Release|Any CPU
		{732C6282-BAD5-43BF-9332-AC26A16E281B}.Debug|Any CPU.ActiveCfg = Debug|Any CPU
		{732C6282-BAD5-43BF-9332-AC26A16E281B}.Debug|Any CPU.Build.0 = Debug|Any CPU
		{732C6282-BAD5-43BF-9332-AC26A16E281B}.Release|Any CPU.ActiveCfg = Release|Any CPU
		{732C6282-BAD5-43BF-9332-AC26A16E281B}.Release|Any CPU.Build.0 = Release|Any CPU
		{8C9DFEC1-06C9-4BEA-9A91-B59A6B6EADD3}.Debug|Any CPU.ActiveCfg = Debug|Any CPU
		{8C9DFEC1-06C9-4BEA-9A91-B59A6B6EADD3}.Debug|Any CPU.Build.0 = Debug|Any CPU
		{8C9DFEC1-06C9-4BEA-9A91-B59A6B6EADD3}.Release|Any CPU.ActiveCfg = Release|Any CPU
		{8C9DFEC1-06C9-4BEA-9A91-B59A6B6EADD3}.Release|Any CPU.Build.0 = Release|Any CPU
		{C4085921-CE8F-407D-8E53-FEB3E96549D6}.Debug|Any CPU.ActiveCfg = Debug|Any CPU
		{C4085921-CE8F-407D-8E53-FEB3E96549D6}.Debug|Any CPU.Build.0 = Debug|Any CPU
		{C4085921-CE8F-407D-8E53-FEB3E96549D6}.Release|Any CPU.ActiveCfg = Release|Any CPU
		{C4085921-CE8F-407D-8E53-FEB3E96549D6}.Release|Any CPU.Build.0 = Release|Any CPU
		{59229529-29D8-4E5A-B590-1266D673EA07}.Debug|Any CPU.ActiveCfg = Debug|Any CPU
		{59229529-29D8-4E5A-B590-1266D673EA07}.Debug|Any CPU.Build.0 = Debug|Any CPU
		{59229529-29D8-4E5A-B590-1266D673EA07}.Release|Any CPU.ActiveCfg = Release|Any CPU
		{59229529-29D8-4E5A-B590-1266D673EA07}.Release|Any CPU.Build.0 = Release|Any CPU
		{E42B409E-D37D-4D15-B13B-03249B16DB14}.Debug|Any CPU.ActiveCfg = Debug|Any CPU
		{E42B409E-D37D-4D15-B13B-03249B16DB14}.Debug|Any CPU.Build.0 = Debug|Any CPU
		{E42B409E-D37D-4D15-B13B-03249B16DB14}.Release|Any CPU.ActiveCfg = Release|Any CPU
		{E42B409E-D37D-4D15-B13B-03249B16DB14}.Release|Any CPU.Build.0 = Release|Any CPU
		{1C0531F2-4D6E-4252-9668-E7068264DBA3}.Debug|Any CPU.ActiveCfg = Debug|Any CPU
		{1C0531F2-4D6E-4252-9668-E7068264DBA3}.Debug|Any CPU.Build.0 = Debug|Any CPU
		{1C0531F2-4D6E-4252-9668-E7068264DBA3}.Release|Any CPU.ActiveCfg = Release|Any CPU
		{1C0531F2-4D6E-4252-9668-E7068264DBA3}.Release|Any CPU.Build.0 = Release|Any CPU
		{D728FCA2-4F69-4C97-9AB5-1B7A5DE9D78D}.Debug|Any CPU.ActiveCfg = Debug|Any CPU
		{D728FCA2-4F69-4C97-9AB5-1B7A5DE9D78D}.Debug|Any CPU.Build.0 = Debug|Any CPU
		{D728FCA2-4F69-4C97-9AB5-1B7A5DE9D78D}.Release|Any CPU.ActiveCfg = Release|Any CPU
		{D728FCA2-4F69-4C97-9AB5-1B7A5DE9D78D}.Release|Any CPU.Build.0 = Release|Any CPU
		{C7443C71-0A35-4C44-9166-4B12FB530526}.Debug|Any CPU.ActiveCfg = Debug|Any CPU
		{C7443C71-0A35-4C44-9166-4B12FB530526}.Debug|Any CPU.Build.0 = Debug|Any CPU
		{C7443C71-0A35-4C44-9166-4B12FB530526}.Release|Any CPU.ActiveCfg = Release|Any CPU
		{C7443C71-0A35-4C44-9166-4B12FB530526}.Release|Any CPU.Build.0 = Release|Any CPU
		{67F699DC-23FD-4EC0-B604-37E8D4FBD4CD}.Debug|Any CPU.ActiveCfg = Debug|Any CPU
		{67F699DC-23FD-4EC0-B604-37E8D4FBD4CD}.Debug|Any CPU.Build.0 = Debug|Any CPU
		{67F699DC-23FD-4EC0-B604-37E8D4FBD4CD}.Release|Any CPU.ActiveCfg = Release|Any CPU
		{67F699DC-23FD-4EC0-B604-37E8D4FBD4CD}.Release|Any CPU.Build.0 = Release|Any CPU
		{B671EB3B-460A-4BE8-9857-83BC11E4EACF}.Debug|Any CPU.ActiveCfg = Debug|Any CPU
		{B671EB3B-460A-4BE8-9857-83BC11E4EACF}.Debug|Any CPU.Build.0 = Debug|Any CPU
		{B671EB3B-460A-4BE8-9857-83BC11E4EACF}.Release|Any CPU.ActiveCfg = Release|Any CPU
		{B671EB3B-460A-4BE8-9857-83BC11E4EACF}.Release|Any CPU.Build.0 = Release|Any CPU
	EndGlobalSection
	GlobalSection(SolutionProperties) = preSolution
		HideSolutionNode = FALSE
	EndGlobalSection
	GlobalSection(ExtensibilityGlobals) = postSolution
		SolutionGuid = {13D89F58-A040-488B-BBFC-EC5F247FCA95}
	EndGlobalSection
EndGlobal
